
Microsoft Visual Studio Solution File, Format Version 12.00
# Visual Studio Version 17
VisualStudioVersion = 17.14.36301.6 d17.14
MinimumVisualStudioVersion = 10.0.40219.1
Project("{FAE04EC0-301F-11D3-BF4B-00C04F79EFBC}") = "Main", "Leetcode\Main.csproj", "{48458CBA-1045-44DA-B604-D2FBA5839F81}"
EndProject
Global
	GlobalSection(SolutionConfigurationPlatforms) = preSolution
		Debug|Any CPU = Debug|Any CPU
		Release|Any CPU = Release|Any CPU
	EndGlobalSection
	GlobalSection(ProjectConfigurationPlatforms) = postSolution
		{48458CBA-1045-44DA-B604-D2FBA5839F81}.Debug|Any CPU.ActiveCfg = Debug|Any CPU
		{48458CBA-1045-44DA-B604-D2FBA5839F81}.Debug|Any CPU.Build.0 = Debug|Any CPU
		{48458CBA-1045-44DA-B604-D2FBA5839F81}.Release|Any CPU.ActiveCfg = Release|Any CPU
		{48458CBA-1045-44DA-B604-D2FBA5839F81}.Release|Any CPU.Build.0 = Release|Any CPU
	EndGlobalSection
	GlobalSection(SolutionProperties) = preSolution
		HideSolutionNode = FALSE
	EndGlobalSection
	GlobalSection(ExtensibilityGlobals) = postSolution
		SolutionGuid = {A48E1F1B-7F9F-4563-8275-AE2F1899CC15}
	EndGlobalSection
EndGlobal
